PODS:
  - Flutter (1.0.0)
  - integration_test (0.0.1):
    - Flutter
  - storekit2helper (0.0.1):
    - Flutter

DEPENDENCIES:
  - Flutter (from `Flutter`)
  - integration_test (from `.symlinks/plugins/integration_test/ios`)
  - storekit2helper (from `.symlinks/plugins/storekit2helper/ios`)

EXTERNAL SOURCES:
  Flutter:
    :path: Flutter
  integration_test:
    :path: ".symlinks/plugins/integration_test/ios"
  storekit2helper:
    :path: ".symlinks/plugins/storekit2helper/ios"

SPEC CHECKSUMS:
  Flutter: e0871f40cf51350855a761d2e70bf5af5b9b5de7
  integration_test: 252f60fa39af5e17c3aa9899d35d908a0721b573
  storekit2helper: 716d4016c59095199bd73c8e0bd6182cb2f1623a

PODFILE CHECKSUM: e272e928f3a34260872cbcab4a6daa852ad2c583

COCOAPODS: 1.16.2
